
Microsoft Visual Studio Solution File, Format Version 12.00
# Visual Studio 2013
VisualStudioVersion = 12.0.40418.0
MinimumVisualStudioVersion = 10.0.40219.1
Project("{2150E333-8FDC-42A3-9474-1A3956D46DE8}") = "Orphee", "Orphee", "{E381FCE3-C555-48C5-BA7D-66AC7E8105D0}"
EndProject
Project("{D954291E-2A0B-460D-934E-DC6B0785DB48}") = "Orphee.Shared", "Orphee\Orphee.Shared\Orphee.Shared.shproj", "{C2EDE311-4822-4E04-873C-455A7E586BBC}"
EndProject
Project("{FAE04EC0-301F-11D3-BF4B-00C04F79EFBC}") = "Orphee.Windows", "Orphee\Orphee.Windows\Orphee.Windows.csproj", "{2FD0EDC8-BEBF-4E9C-8488-F364CD327B4A}"
EndProject
Project("{FAE04EC0-301F-11D3-BF4B-00C04F79EFBC}") = "Orphee.WindowsPhone", "Orphee\Orphee.WindowsPhone\Orphee.WindowsPhone.csproj", "{2BA8ECD9-4357-4216-A0BB-61EAF9F008B3}"
EndProject
Project("{FAE04EC0-301F-11D3-BF4B-00C04F79EFBC}") = "MidiDotNet.ExportModuleUnitTests", "Orphee.UnitTests\MidiDotNet.ExportModuleUnitTests.csproj", "{1F83E3F8-6C63-4A22-996C-13AB73857F20}"
EndProject
Project("{FAE04EC0-301F-11D3-BF4B-00C04F79EFBC}") = "MidiDotNet.ImportModule", "MidiDotNet.ImportModule\MidiDotNet.ImportModule.csproj", "{DC766B56-5507-403D-8F12-C82EB792E5DE}"
EndProject
Project("{FAE04EC0-301F-11D3-BF4B-00C04F79EFBC}") = "MidiDotNet.ExportModule", "MidiDotNet.ExportModule\MidiDotNet.ExportModule.csproj", "{2134A015-62F4-4B8A-AD3E-F93D55AF5074}"
EndProject
Project("{FAE04EC0-301F-11D3-BF4B-00C04F79EFBC}") = "MidiDotNet.Shared", "MidiDotNet.Shared\MidiDotNet.Shared.csproj", "{4C115B86-4A11-4D68-93A6-321478B06FD4}"
EndProject
Project("{FAE04EC0-301F-11D3-BF4B-00C04F79EFBC}") = "Orphee.CreationShared", "Orphee.CreationShared\Orphee.CreationShared.csproj", "{CBC33D6E-AB43-4F90-A12A-E6167AB0D392}"
EndProject
Project("{FAE04EC0-301F-11D3-BF4B-00C04F79EFBC}") = "Orphee.LoopCreation", "Orphee.LoopCreation\Orphee.LoopCreation.csproj", "{38E95812-30A2-4AD0-9981-B1A8EFA81212}"
EndProject
Project("{FAE04EC0-301F-11D3-BF4B-00C04F79EFBC}") = "Orphee.PieceCreation", "Orphee.PieceCreation\Orphee.PieceCreation.csproj", "{3057F081-9671-4D19-82E5-73901249FD17}"
EndProject
Project("{2150E333-8FDC-42A3-9474-1A3956D46DE8}") = "MidiDotNet", "MidiDotNet", "{720D1ADF-897A-4419-9E4D-64943EF49B74}"
EndProject
Project("{2150E333-8FDC-42A3-9474-1A3956D46DE8}") = "UnitTests", "UnitTests", "{5EF7046D-3B2C-490F-8F53-EE8DF0228C48}"
EndProject
Project("{2150E333-8FDC-42A3-9474-1A3956D46DE8}") = "Orphee", "Orphee", "{2575F18B-03B4-4FB1-8D67-C4F821648D16}"
EndProject
Project("{FAE04EC0-301F-11D3-BF4B-00C04F79EFBC}") = "MidiDotNet.ImportModuleUnitTests", "MidiDotNet.ImportModuleUnitTests\MidiDotNet.ImportModuleUnitTests.csproj", "{3C3D1590-45AF-4F95-9F5F-46B2FE0E0BF4}"
EndProject
Project("{FAE04EC0-301F-11D3-BF4B-00C04F79EFBC}") = "Orphee.CreationSharedUnitTests", "Orphee.CreationSharedUnitTests\Orphee.CreationSharedUnitTests.csproj", "{F034AAF0-D91A-4F83-A13F-18C8F5247FFF}"
EndProject
Global
	GlobalSection(SharedMSBuildProjectFiles) = preSolution
		Orphee\Orphee.Shared\Orphee.Shared.projitems*{c2ede311-4822-4e04-873c-455a7e586bbc}*SharedItemsImports = 13
		Orphee\Orphee.Shared\Orphee.Shared.projitems*{2ba8ecd9-4357-4216-a0bb-61eaf9f008b3}*SharedItemsImports = 4
		Orphee\Orphee.Shared\Orphee.Shared.projitems*{2fd0edc8-bebf-4e9c-8488-f364cd327b4a}*SharedItemsImports = 4
	EndGlobalSection
	GlobalSection(SolutionConfigurationPlatforms) = preSolution
		Debug|Any CPU = Debug|Any CPU
		Debug|ARM = Debug|ARM
		Debug|x64 = Debug|x64
		Debug|x86 = Debug|x86
		Release|Any CPU = Release|Any CPU
		Release|ARM = Release|ARM
		Release|x64 = Release|x64
		Release|x86 = Release|x86
	EndGlobalSection
	GlobalSection(ProjectConfigurationPlatforms) = postSolution
		{2FD0EDC8-BEBF-4E9C-8488-F364CD327B4A}.Debug|Any CPU.ActiveCfg = Debug|Any CPU
		{2FD0EDC8-BEBF-4E9C-8488-F364CD327B4A}.Debug|Any CPU.Build.0 = Debug|Any CPU
		{2FD0EDC8-BEBF-4E9C-8488-F364CD327B4A}.Debug|Any CPU.Deploy.0 = Debug|Any CPU
		{2FD0EDC8-BEBF-4E9C-8488-F364CD327B4A}.Debug|ARM.ActiveCfg = Debug|ARM
		{2FD0EDC8-BEBF-4E9C-8488-F364CD327B4A}.Debug|ARM.Build.0 = Debug|ARM
		{2FD0EDC8-BEBF-4E9C-8488-F364CD327B4A}.Debug|ARM.Deploy.0 = Debug|ARM
		{2FD0EDC8-BEBF-4E9C-8488-F364CD327B4A}.Debug|x64.ActiveCfg = Debug|x64
		{2FD0EDC8-BEBF-4E9C-8488-F364CD327B4A}.Debug|x64.Build.0 = Debug|x64
		{2FD0EDC8-BEBF-4E9C-8488-F364CD327B4A}.Debug|x64.Deploy.0 = Debug|x64
		{2FD0EDC8-BEBF-4E9C-8488-F364CD327B4A}.Debug|x86.ActiveCfg = Debug|x86
		{2FD0EDC8-BEBF-4E9C-8488-F364CD327B4A}.Debug|x86.Build.0 = Debug|x86
		{2FD0EDC8-BEBF-4E9C-8488-F364CD327B4A}.Debug|x86.Deploy.0 = Debug|x86
		{2FD0EDC8-BEBF-4E9C-8488-F364CD327B4A}.Release|Any CPU.ActiveCfg = Release|Any CPU
		{2FD0EDC8-BEBF-4E9C-8488-F364CD327B4A}.Release|Any CPU.Build.0 = Release|Any CPU
		{2FD0EDC8-BEBF-4E9C-8488-F364CD327B4A}.Release|Any CPU.Deploy.0 = Release|Any CPU
		{2FD0EDC8-BEBF-4E9C-8488-F364CD327B4A}.Release|ARM.ActiveCfg = Release|ARM
		{2FD0EDC8-BEBF-4E9C-8488-F364CD327B4A}.Release|ARM.Build.0 = Release|ARM
		{2FD0EDC8-BEBF-4E9C-8488-F364CD327B4A}.Release|ARM.Deploy.0 = Release|ARM
		{2FD0EDC8-BEBF-4E9C-8488-F364CD327B4A}.Release|x64.ActiveCfg = Release|x64
		{2FD0EDC8-BEBF-4E9C-8488-F364CD327B4A}.Release|x64.Build.0 = Release|x64
		{2FD0EDC8-BEBF-4E9C-8488-F364CD327B4A}.Release|x64.Deploy.0 = Release|x64
		{2FD0EDC8-BEBF-4E9C-8488-F364CD327B4A}.Release|x86.ActiveCfg = Release|x86
		{2FD0EDC8-BEBF-4E9C-8488-F364CD327B4A}.Release|x86.Build.0 = Release|x86
		{2FD0EDC8-BEBF-4E9C-8488-F364CD327B4A}.Release|x86.Deploy.0 = Release|x86
		{2BA8ECD9-4357-4216-A0BB-61EAF9F008B3}.Debug|Any CPU.ActiveCfg = Debug|Any CPU
		{2BA8ECD9-4357-4216-A0BB-61EAF9F008B3}.Debug|Any CPU.Build.0 = Debug|Any CPU
		{2BA8ECD9-4357-4216-A0BB-61EAF9F008B3}.Debug|Any CPU.Deploy.0 = Debug|Any CPU
		{2BA8ECD9-4357-4216-A0BB-61EAF9F008B3}.Debug|ARM.ActiveCfg = Debug|ARM
		{2BA8ECD9-4357-4216-A0BB-61EAF9F008B3}.Debug|ARM.Build.0 = Debug|ARM
		{2BA8ECD9-4357-4216-A0BB-61EAF9F008B3}.Debug|ARM.Deploy.0 = Debug|ARM
		{2BA8ECD9-4357-4216-A0BB-61EAF9F008B3}.Debug|x64.ActiveCfg = Debug|Any CPU
		{2BA8ECD9-4357-4216-A0BB-61EAF9F008B3}.Debug|x86.ActiveCfg = Debug|x86
		{2BA8ECD9-4357-4216-A0BB-61EAF9F008B3}.Debug|x86.Build.0 = Debug|x86
		{2BA8ECD9-4357-4216-A0BB-61EAF9F008B3}.Debug|x86.Deploy.0 = Debug|x86
		{2BA8ECD9-4357-4216-A0BB-61EAF9F008B3}.Release|Any CPU.ActiveCfg = Release|Any CPU
		{2BA8ECD9-4357-4216-A0BB-61EAF9F008B3}.Release|Any CPU.Build.0 = Release|Any CPU
		{2BA8ECD9-4357-4216-A0BB-61EAF9F008B3}.Release|Any CPU.Deploy.0 = Release|Any CPU
		{2BA8ECD9-4357-4216-A0BB-61EAF9F008B3}.Release|ARM.ActiveCfg = Release|ARM
		{2BA8ECD9-4357-4216-A0BB-61EAF9F008B3}.Release|ARM.Build.0 = Release|ARM
		{2BA8ECD9-4357-4216-A0BB-61EAF9F008B3}.Release|ARM.Deploy.0 = Release|ARM
		{2BA8ECD9-4357-4216-A0BB-61EAF9F008B3}.Release|x64.ActiveCfg = Release|Any CPU
		{2BA8ECD9-4357-4216-A0BB-61EAF9F008B3}.Release|x86.ActiveCfg = Release|x86
		{2BA8ECD9-4357-4216-A0BB-61EAF9F008B3}.Release|x86.Build.0 = Release|x86
		{2BA8ECD9-4357-4216-A0BB-61EAF9F008B3}.Release|x86.Deploy.0 = Release|x86
		{1F83E3F8-6C63-4A22-996C-13AB73857F20}.Debug|Any CPU.ActiveCfg = Debug|Any CPU
		{1F83E3F8-6C63-4A22-996C-13AB73857F20}.Debug|Any CPU.Build.0 = Debug|Any CPU
		{1F83E3F8-6C63-4A22-996C-13AB73857F20}.Debug|Any CPU.Deploy.0 = Debug|Any CPU
		{1F83E3F8-6C63-4A22-996C-13AB73857F20}.Debug|ARM.ActiveCfg = Debug|ARM
		{1F83E3F8-6C63-4A22-996C-13AB73857F20}.Debug|ARM.Build.0 = Debug|ARM
		{1F83E3F8-6C63-4A22-996C-13AB73857F20}.Debug|ARM.Deploy.0 = Debug|ARM
		{1F83E3F8-6C63-4A22-996C-13AB73857F20}.Debug|x64.ActiveCfg = Debug|x64
		{1F83E3F8-6C63-4A22-996C-13AB73857F20}.Debug|x64.Build.0 = Debug|x64
		{1F83E3F8-6C63-4A22-996C-13AB73857F20}.Debug|x64.Deploy.0 = Debug|x64
		{1F83E3F8-6C63-4A22-996C-13AB73857F20}.Debug|x86.ActiveCfg = Debug|x86
		{1F83E3F8-6C63-4A22-996C-13AB73857F20}.Debug|x86.Build.0 = Debug|x86
		{1F83E3F8-6C63-4A22-996C-13AB73857F20}.Debug|x86.Deploy.0 = Debug|x86
		{1F83E3F8-6C63-4A22-996C-13AB73857F20}.Release|Any CPU.ActiveCfg = Release|Any CPU
		{1F83E3F8-6C63-4A22-996C-13AB73857F20}.Release|Any CPU.Build.0 = Release|Any CPU
		{1F83E3F8-6C63-4A22-996C-13AB73857F20}.Release|Any CPU.Deploy.0 = Release|Any CPU
		{1F83E3F8-6C63-4A22-996C-13AB73857F20}.Release|ARM.ActiveCfg = Release|ARM
		{1F83E3F8-6C63-4A22-996C-13AB73857F20}.Release|ARM.Build.0 = Release|ARM
		{1F83E3F8-6C63-4A22-996C-13AB73857F20}.Release|ARM.Deploy.0 = Release|ARM
		{1F83E3F8-6C63-4A22-996C-13AB73857F20}.Release|x64.ActiveCfg = Release|x64
		{1F83E3F8-6C63-4A22-996C-13AB73857F20}.Release|x64.Build.0 = Release|x64
		{1F83E3F8-6C63-4A22-996C-13AB73857F20}.Release|x64.Deploy.0 = Release|x64
		{1F83E3F8-6C63-4A22-996C-13AB73857F20}.Release|x86.ActiveCfg = Release|x86
		{1F83E3F8-6C63-4A22-996C-13AB73857F20}.Release|x86.Build.0 = Release|x86
		{1F83E3F8-6C63-4A22-996C-13AB73857F20}.Release|x86.Deploy.0 = Release|x86
		{DC766B56-5507-403D-8F12-C82EB792E5DE}.Debug|Any CPU.ActiveCfg = Debug|Any CPU
		{DC766B56-5507-403D-8F12-C82EB792E5DE}.Debug|Any CPU.Build.0 = Debug|Any CPU
		{DC766B56-5507-403D-8F12-C82EB792E5DE}.Debug|ARM.ActiveCfg = Debug|Any CPU
		{DC766B56-5507-403D-8F12-C82EB792E5DE}.Debug|x64.ActiveCfg = Debug|Any CPU
		{DC766B56-5507-403D-8F12-C82EB792E5DE}.Debug|x86.ActiveCfg = Debug|Any CPU
		{DC766B56-5507-403D-8F12-C82EB792E5DE}.Release|Any CPU.ActiveCfg = Release|Any CPU
		{DC766B56-5507-403D-8F12-C82EB792E5DE}.Release|Any CPU.Build.0 = Release|Any CPU
		{DC766B56-5507-403D-8F12-C82EB792E5DE}.Release|ARM.ActiveCfg = Release|Any CPU
		{DC766B56-5507-403D-8F12-C82EB792E5DE}.Release|x64.ActiveCfg = Release|Any CPU
		{DC766B56-5507-403D-8F12-C82EB792E5DE}.Release|x86.ActiveCfg = Release|Any CPU
		{2134A015-62F4-4B8A-AD3E-F93D55AF5074}.Debug|Any CPU.ActiveCfg = Debug|Any CPU
		{2134A015-62F4-4B8A-AD3E-F93D55AF5074}.Debug|Any CPU.Build.0 = Debug|Any CPU
		{2134A015-62F4-4B8A-AD3E-F93D55AF5074}.Debug|ARM.ActiveCfg = Debug|Any CPU
		{2134A015-62F4-4B8A-AD3E-F93D55AF5074}.Debug|x64.ActiveCfg = Debug|Any CPU
		{2134A015-62F4-4B8A-AD3E-F93D55AF5074}.Debug|x86.ActiveCfg = Debug|Any CPU
		{2134A015-62F4-4B8A-AD3E-F93D55AF5074}.Release|Any CPU.ActiveCfg = Release|Any CPU
		{2134A015-62F4-4B8A-AD3E-F93D55AF5074}.Release|Any CPU.Build.0 = Release|Any CPU
		{2134A015-62F4-4B8A-AD3E-F93D55AF5074}.Release|ARM.ActiveCfg = Release|Any CPU
		{2134A015-62F4-4B8A-AD3E-F93D55AF5074}.Release|x64.ActiveCfg = Release|Any CPU
		{2134A015-62F4-4B8A-AD3E-F93D55AF5074}.Release|x86.ActiveCfg = Release|Any CPU
		{4C115B86-4A11-4D68-93A6-321478B06FD4}.Debug|Any CPU.ActiveCfg = Debug|Any CPU
		{4C115B86-4A11-4D68-93A6-321478B06FD4}.Debug|Any CPU.Build.0 = Debug|Any CPU
		{4C115B86-4A11-4D68-93A6-321478B06FD4}.Debug|ARM.ActiveCfg = Debug|Any CPU
		{4C115B86-4A11-4D68-93A6-321478B06FD4}.Debug|x64.ActiveCfg = Debug|Any CPU
		{4C115B86-4A11-4D68-93A6-321478B06FD4}.Debug|x86.ActiveCfg = Debug|Any CPU
		{4C115B86-4A11-4D68-93A6-321478B06FD4}.Release|Any CPU.ActiveCfg = Release|Any CPU
		{4C115B86-4A11-4D68-93A6-321478B06FD4}.Release|Any CPU.Build.0 = Release|Any CPU
		{4C115B86-4A11-4D68-93A6-321478B06FD4}.Release|ARM.ActiveCfg = Release|Any CPU
		{4C115B86-4A11-4D68-93A6-321478B06FD4}.Release|x64.ActiveCfg = Release|Any CPU
		{4C115B86-4A11-4D68-93A6-321478B06FD4}.Release|x86.ActiveCfg = Release|Any CPU
		{CBC33D6E-AB43-4F90-A12A-E6167AB0D392}.Debug|Any CPU.ActiveCfg = Debug|Any CPU
		{CBC33D6E-AB43-4F90-A12A-E6167AB0D392}.Debug|Any CPU.Build.0 = Debug|Any CPU
		{CBC33D6E-AB43-4F90-A12A-E6167AB0D392}.Debug|ARM.ActiveCfg = Debug|Any CPU
		{CBC33D6E-AB43-4F90-A12A-E6167AB0D392}.Debug|x64.ActiveCfg = Debug|Any CPU
		{CBC33D6E-AB43-4F90-A12A-E6167AB0D392}.Debug|x86.ActiveCfg = Debug|Any CPU
		{CBC33D6E-AB43-4F90-A12A-E6167AB0D392}.Release|Any CPU.ActiveCfg = Release|Any CPU
		{CBC33D6E-AB43-4F90-A12A-E6167AB0D392}.Release|Any CPU.Build.0 = Release|Any CPU
		{CBC33D6E-AB43-4F90-A12A-E6167AB0D392}.Release|ARM.ActiveCfg = Release|Any CPU
		{CBC33D6E-AB43-4F90-A12A-E6167AB0D392}.Release|x64.ActiveCfg = Release|Any CPU
		{CBC33D6E-AB43-4F90-A12A-E6167AB0D392}.Release|x86.ActiveCfg = Release|Any CPU
		{38E95812-30A2-4AD0-9981-B1A8EFA81212}.Debug|Any CPU.ActiveCfg = Debug|Any CPU
		{38E95812-30A2-4AD0-9981-B1A8EFA81212}.Debug|Any CPU.Build.0 = Debug|Any CPU
		{38E95812-30A2-4AD0-9981-B1A8EFA81212}.Debug|ARM.ActiveCfg = Debug|Any CPU
		{38E95812-30A2-4AD0-9981-B1A8EFA81212}.Debug|x64.ActiveCfg = Debug|Any CPU
		{38E95812-30A2-4AD0-9981-B1A8EFA81212}.Debug|x86.ActiveCfg = Debug|Any CPU
		{38E95812-30A2-4AD0-9981-B1A8EFA81212}.Release|Any CPU.ActiveCfg = Release|Any CPU
		{38E95812-30A2-4AD0-9981-B1A8EFA81212}.Release|Any CPU.Build.0 = Release|Any CPU
		{38E95812-30A2-4AD0-9981-B1A8EFA81212}.Release|ARM.ActiveCfg = Release|Any CPU
		{38E95812-30A2-4AD0-9981-B1A8EFA81212}.Release|x64.ActiveCfg = Release|Any CPU
		{38E95812-30A2-4AD0-9981-B1A8EFA81212}.Release|x86.ActiveCfg = Release|Any CPU
		{3057F081-9671-4D19-82E5-73901249FD17}.Debug|Any CPU.ActiveCfg = Debug|Any CPU
		{3057F081-9671-4D19-82E5-73901249FD17}.Debug|Any CPU.Build.0 = Debug|Any CPU
		{3057F081-9671-4D19-82E5-73901249FD17}.Debug|ARM.ActiveCfg = Debug|Any CPU
		{3057F081-9671-4D19-82E5-73901249FD17}.Debug|x64.ActiveCfg = Debug|Any CPU
		{3057F081-9671-4D19-82E5-73901249FD17}.Debug|x86.ActiveCfg = Debug|Any CPU
		{3057F081-9671-4D19-82E5-73901249FD17}.Release|Any CPU.ActiveCfg = Release|Any CPU
		{3057F081-9671-4D19-82E5-73901249FD17}.Release|Any CPU.Build.0 = Release|Any CPU
		{3057F081-9671-4D19-82E5-73901249FD17}.Release|ARM.ActiveCfg = Release|Any CPU
		{3057F081-9671-4D19-82E5-73901249FD17}.Release|x64.ActiveCfg = Release|Any CPU
		{3057F081-9671-4D19-82E5-73901249FD17}.Release|x86.ActiveCfg = Release|Any CPU
		{3C3D1590-45AF-4F95-9F5F-46B2FE0E0BF4}.Debug|Any CPU.ActiveCfg = Debug|Any CPU
		{3C3D1590-45AF-4F95-9F5F-46B2FE0E0BF4}.Debug|Any CPU.Build.0 = Debug|Any CPU
		{3C3D1590-45AF-4F95-9F5F-46B2FE0E0BF4}.Debug|Any CPU.Deploy.0 = Debug|Any CPU
		{3C3D1590-45AF-4F95-9F5F-46B2FE0E0BF4}.Debug|ARM.ActiveCfg = Debug|ARM
		{3C3D1590-45AF-4F95-9F5F-46B2FE0E0BF4}.Debug|ARM.Build.0 = Debug|ARM
		{3C3D1590-45AF-4F95-9F5F-46B2FE0E0BF4}.Debug|ARM.Deploy.0 = Debug|ARM
		{3C3D1590-45AF-4F95-9F5F-46B2FE0E0BF4}.Debug|x64.ActiveCfg = Debug|x64
		{3C3D1590-45AF-4F95-9F5F-46B2FE0E0BF4}.Debug|x64.Build.0 = Debug|x64
		{3C3D1590-45AF-4F95-9F5F-46B2FE0E0BF4}.Debug|x64.Deploy.0 = Debug|x64
		{3C3D1590-45AF-4F95-9F5F-46B2FE0E0BF4}.Debug|x86.ActiveCfg = Debug|x86
		{3C3D1590-45AF-4F95-9F5F-46B2FE0E0BF4}.Debug|x86.Build.0 = Debug|x86
		{3C3D1590-45AF-4F95-9F5F-46B2FE0E0BF4}.Debug|x86.Deploy.0 = Debug|x86
		{3C3D1590-45AF-4F95-9F5F-46B2FE0E0BF4}.Release|Any CPU.ActiveCfg = Release|Any CPU
		{3C3D1590-45AF-4F95-9F5F-46B2FE0E0BF4}.Release|Any CPU.Build.0 = Release|Any CPU
		{3C3D1590-45AF-4F95-9F5F-46B2FE0E0BF4}.Release|Any CPU.Deploy.0 = Release|Any CPU
		{3C3D1590-45AF-4F95-9F5F-46B2FE0E0BF4}.Release|ARM.ActiveCfg = Release|ARM
		{3C3D1590-45AF-4F95-9F5F-46B2FE0E0BF4}.Release|ARM.Build.0 = Release|ARM
		{3C3D1590-45AF-4F95-9F5F-46B2FE0E0BF4}.Release|ARM.Deploy.0 = Release|ARM
		{3C3D1590-45AF-4F95-9F5F-46B2FE0E0BF4}.Release|x64.ActiveCfg = Release|x64
		{3C3D1590-45AF-4F95-9F5F-46B2FE0E0BF4}.Release|x64.Build.0 = Release|x64
		{3C3D1590-45AF-4F95-9F5F-46B2FE0E0BF4}.Release|x64.Deploy.0 = Release|x64
		{3C3D1590-45AF-4F95-9F5F-46B2FE0E0BF4}.Release|x86.ActiveCfg = Release|x86
		{3C3D1590-45AF-4F95-9F5F-46B2FE0E0BF4}.Release|x86.Build.0 = Release|x86
		{3C3D1590-45AF-4F95-9F5F-46B2FE0E0BF4}.Release|x86.Deploy.0 = Release|x86
		{F034AAF0-D91A-4F83-A13F-18C8F5247FFF}.Debug|Any CPU.ActiveCfg = Debug|Any CPU
		{F034AAF0-D91A-4F83-A13F-18C8F5247FFF}.Debug|Any CPU.Build.0 = Debug|Any CPU
		{F034AAF0-D91A-4F83-A13F-18C8F5247FFF}.Debug|Any CPU.Deploy.0 = Debug|Any CPU
		{F034AAF0-D91A-4F83-A13F-18C8F5247FFF}.Debug|ARM.ActiveCfg = Debug|ARM
		{F034AAF0-D91A-4F83-A13F-18C8F5247FFF}.Debug|ARM.Build.0 = Debug|ARM
		{F034AAF0-D91A-4F83-A13F-18C8F5247FFF}.Debug|ARM.Deploy.0 = Debug|ARM
		{F034AAF0-D91A-4F83-A13F-18C8F5247FFF}.Debug|x64.ActiveCfg = Debug|x64
		{F034AAF0-D91A-4F83-A13F-18C8F5247FFF}.Debug|x64.Build.0 = Debug|x64
		{F034AAF0-D91A-4F83-A13F-18C8F5247FFF}.Debug|x64.Deploy.0 = Debug|x64
		{F034AAF0-D91A-4F83-A13F-18C8F5247FFF}.Debug|x86.ActiveCfg = Debug|x86
		{F034AAF0-D91A-4F83-A13F-18C8F5247FFF}.Debug|x86.Build.0 = Debug|x86
		{F034AAF0-D91A-4F83-A13F-18C8F5247FFF}.Debug|x86.Deploy.0 = Debug|x86
		{F034AAF0-D91A-4F83-A13F-18C8F5247FFF}.Release|Any CPU.ActiveCfg = Release|Any CPU
		{F034AAF0-D91A-4F83-A13F-18C8F5247FFF}.Release|Any CPU.Build.0 = Release|Any CPU
		{F034AAF0-D91A-4F83-A13F-18C8F5247FFF}.Release|Any CPU.Deploy.0 = Release|Any CPU
		{F034AAF0-D91A-4F83-A13F-18C8F5247FFF}.Release|ARM.ActiveCfg = Release|ARM
		{F034AAF0-D91A-4F83-A13F-18C8F5247FFF}.Release|ARM.Build.0 = Release|ARM
		{F034AAF0-D91A-4F83-A13F-18C8F5247FFF}.Release|ARM.Deploy.0 = Release|ARM
		{F034AAF0-D91A-4F83-A13F-18C8F5247FFF}.Release|x64.ActiveCfg = Release|x64
		{F034AAF0-D91A-4F83-A13F-18C8F5247FFF}.Release|x64.Build.0 = Release|x64
		{F034AAF0-D91A-4F83-A13F-18C8F5247FFF}.Release|x64.Deploy.0 = Release|x64
		{F034AAF0-D91A-4F83-A13F-18C8F5247FFF}.Release|x86.ActiveCfg = Release|x86
		{F034AAF0-D91A-4F83-A13F-18C8F5247FFF}.Release|x86.Build.0 = Release|x86
		{F034AAF0-D91A-4F83-A13F-18C8F5247FFF}.Release|x86.Deploy.0 = Release|x86
	EndGlobalSection
	GlobalSection(SolutionProperties) = preSolution
		HideSolutionNode = FALSE
	EndGlobalSection
	GlobalSection(NestedProjects) = preSolution
		{C2EDE311-4822-4E04-873C-455A7E586BBC} = {2575F18B-03B4-4FB1-8D67-C4F821648D16}
		{2FD0EDC8-BEBF-4E9C-8488-F364CD327B4A} = {2575F18B-03B4-4FB1-8D67-C4F821648D16}
		{2BA8ECD9-4357-4216-A0BB-61EAF9F008B3} = {2575F18B-03B4-4FB1-8D67-C4F821648D16}
		{1F83E3F8-6C63-4A22-996C-13AB73857F20} = {5EF7046D-3B2C-490F-8F53-EE8DF0228C48}
		{DC766B56-5507-403D-8F12-C82EB792E5DE} = {720D1ADF-897A-4419-9E4D-64943EF49B74}
		{2134A015-62F4-4B8A-AD3E-F93D55AF5074} = {720D1ADF-897A-4419-9E4D-64943EF49B74}
		{4C115B86-4A11-4D68-93A6-321478B06FD4} = {720D1ADF-897A-4419-9E4D-64943EF49B74}
		{CBC33D6E-AB43-4F90-A12A-E6167AB0D392} = {2575F18B-03B4-4FB1-8D67-C4F821648D16}
		{38E95812-30A2-4AD0-9981-B1A8EFA81212} = {2575F18B-03B4-4FB1-8D67-C4F821648D16}
		{3057F081-9671-4D19-82E5-73901249FD17} = {2575F18B-03B4-4FB1-8D67-C4F821648D16}
		{720D1ADF-897A-4419-9E4D-64943EF49B74} = {E381FCE3-C555-48C5-BA7D-66AC7E8105D0}
		{5EF7046D-3B2C-490F-8F53-EE8DF0228C48} = {E381FCE3-C555-48C5-BA7D-66AC7E8105D0}
		{2575F18B-03B4-4FB1-8D67-C4F821648D16} = {E381FCE3-C555-48C5-BA7D-66AC7E8105D0}
		{3C3D1590-45AF-4F95-9F5F-46B2FE0E0BF4} = {5EF7046D-3B2C-490F-8F53-EE8DF0228C48}
		{F034AAF0-D91A-4F83-A13F-18C8F5247FFF} = {5EF7046D-3B2C-490F-8F53-EE8DF0228C48}
	EndGlobalSection
EndGlobal
